
Microsoft Visual Studio Solution File, Format Version 12.00
# Visual Studio Version 16
VisualStudioVersion = 16.0.29215.179
MinimumVisualStudioVersion = 10.0.40219.1
Project("{FAE04EC0-301F-11D3-BF4B-00C04F79EFBC}") = "ProjectorControl", "ProjectorControl\ProjectorControl.csproj", "{67BDC793-4F7B-4D04-BDF5-8E8A1F67722E}"
EndProject
Global
	GlobalSection(SolutionConfigurationPlatforms) = preSolution
		Debug|Any CPU = Debug|Any CPU
		Release|Any CPU = Release|Any CPU
	EndGlobalSection
	GlobalSection(ProjectConfigurationPlatforms) = postSolution
		{67BDC793-4F7B-4D04-BDF5-8E8A1F67722E}.Debug|Any CPU.ActiveCfg = Debug|Any CPU
		{67BDC793-4F7B-4D04-BDF5-8E8A1F67722E}.Debug|Any CPU.Build.0 = Debug|Any CPU
		{67BDC793-4F7B-4D04-BDF5-8E8A1F67722E}.Release|Any CPU.ActiveCfg = Release|Any CPU
		{67BDC793-4F7B-4D04-BDF5-8E8A1F67722E}.Release|Any CPU.Build.0 = Release|Any CPU
	EndGlobalSection
	GlobalSection(SolutionProperties) = preSolution
		HideSolutionNode = FALSE
	EndGlobalSection
	GlobalSection(ExtensibilityGlobals) = postSolution
		SolutionGuid = {889FA694-2DB8-4975-9E67-B63880B47E9B}
	EndGlobalSection
EndGlobal
